
Microsoft Visual Studio Solution File, Format Version 12.00
# Visual Studio 15
VisualStudioVersion = 15.0.27703.2042
MinimumVisualStudioVersion = 10.0.40219.1
Project("{FAE04EC0-301F-11D3-BF4B-00C04F79EFBC}") = "SimulaciaMraveniskaGUI", "SimulaciaMraveniskaGUI\SimulaciaMraveniskaGUI.csproj", "{D26352F9-87DC-4D2D-BD26-26A8F106657A}"
EndProject
Project("{FAE04EC0-301F-11D3-BF4B-00C04F79EFBC}") = "SimulaciaMraveniska", "SimulaciaMraveniskaObjektyNaMravenisku\SimulaciaMraveniska.csproj", "{EA84A60E-5766-4907-9243-A86E3542F9C4}"
EndProject
Project("{FAE04EC0-301F-11D3-BF4B-00C04F79EFBC}") = "DatoveStruktury", "DatoveStruktury\DatoveStruktury.csproj", "{96072340-F4F2-492A-B0B3-884944AEE966}"
EndProject
Project("{FAE04EC0-301F-11D3-BF4B-00C04F79EFBC}") = "Nacitanie", "Nacitanie\Nacitanie.csproj", "{81532B1F-6022-4166-A6F2-B7470C175C13}"
EndProject
Project("{FAE04EC0-301F-11D3-BF4B-00C04F79EFBC}") = "SimulaciaMraveniskaSpustenieKonzolove", "SimulaciaMraveniskaSpustenieKonzolove\SimulaciaMraveniskaSpustenieKonzolove.csproj", "{F69AE848-B987-4886-90DE-9176491FA021}"
EndProject
Global
	GlobalSection(SolutionConfigurationPlatforms) = preSolution
		Debug|Any CPU = Debug|Any CPU
		Release|Any CPU = Release|Any CPU
	EndGlobalSection
	GlobalSection(ProjectConfigurationPlatforms) = postSolution
		{D26352F9-87DC-4D2D-BD26-26A8F106657A}.Debug|Any CPU.ActiveCfg = Debug|Any CPU
		{D26352F9-87DC-4D2D-BD26-26A8F106657A}.Debug|Any CPU.Build.0 = Debug|Any CPU
		{D26352F9-87DC-4D2D-BD26-26A8F106657A}.Release|Any CPU.ActiveCfg = Release|Any CPU
		{D26352F9-87DC-4D2D-BD26-26A8F106657A}.Release|Any CPU.Build.0 = Release|Any CPU
		{EA84A60E-5766-4907-9243-A86E3542F9C4}.Debug|Any CPU.ActiveCfg = Debug|Any CPU
		{EA84A60E-5766-4907-9243-A86E3542F9C4}.Debug|Any CPU.Build.0 = Debug|Any CPU
		{EA84A60E-5766-4907-9243-A86E3542F9C4}.Release|Any CPU.ActiveCfg = Release|Any CPU
		{EA84A60E-5766-4907-9243-A86E3542F9C4}.Release|Any CPU.Build.0 = Release|Any CPU
		{96072340-F4F2-492A-B0B3-884944AEE966}.Debug|Any CPU.ActiveCfg = Debug|Any CPU
		{96072340-F4F2-492A-B0B3-884944AEE966}.Debug|Any CPU.Build.0 = Debug|Any CPU
		{96072340-F4F2-492A-B0B3-884944AEE966}.Release|Any CPU.ActiveCfg = Release|Any CPU
		{96072340-F4F2-492A-B0B3-884944AEE966}.Release|Any CPU.Build.0 = Release|Any CPU
		{81532B1F-6022-4166-A6F2-B7470C175C13}.Debug|Any CPU.ActiveCfg = Debug|Any CPU
		{81532B1F-6022-4166-A6F2-B7470C175C13}.Debug|Any CPU.Build.0 = Debug|Any CPU
		{81532B1F-6022-4166-A6F2-B7470C175C13}.Release|Any CPU.ActiveCfg = Release|Any CPU
		{81532B1F-6022-4166-A6F2-B7470C175C13}.Release|Any CPU.Build.0 = Release|Any CPU
		{F69AE848-B987-4886-90DE-9176491FA021}.Debug|Any CPU.ActiveCfg = Debug|Any CPU
		{F69AE848-B987-4886-90DE-9176491FA021}.Debug|Any CPU.Build.0 = Debug|Any CPU
		{F69AE848-B987-4886-90DE-9176491FA021}.Release|Any CPU.ActiveCfg = Release|Any CPU
		{F69AE848-B987-4886-90DE-9176491FA021}.Release|Any CPU.Build.0 = Release|Any CPU
	EndGlobalSection
	GlobalSection(SolutionProperties) = preSolution
		HideSolutionNode = FALSE
	EndGlobalSection
	GlobalSection(ExtensibilityGlobals) = postSolution
		SolutionGuid = {15669A6B-4E61-495F-AEFC-CD67AB97D775}
	EndGlobalSection
EndGlobal
